
Microsoft Visual Studio Solution File, Format Version 12.00
# Visual Studio Version 17
VisualStudioVersion = 17.13.35931.197
MinimumVisualStudioVersion = 10.0.40219.1
Project("{8BC9CEB8-8B4A-11D0-8D11-00A0C91BC942}") = "Server", "Server\Server.vcxproj", "{2A4F1E23-F8CC-4C2D-A531-27187371D23C}"
EndProject
Project("{8BC9CEB8-8B4A-11D0-8D11-00A0C91BC942}") = "Client", "Client\Client.vcxproj", "{87B8EF44-9E3B-47D8-94E4-A9B271B57E5F}"
EndProject
Project("{8BC9CEB8-8B4A-11D0-8D11-00A0C91BC942}") = "Common", "Common\Common.vcxproj", "{D11DBFA1-6B4F-4D7F-A25F-46E8B47B53E1}"
EndProject
Global
	GlobalSection(SolutionConfigurationPlatforms) = preSolution
		Debug|x64 = Debug|x64
		Debug|x86 = Debug|x86
		Release|x64 = Release|x64
		Release|x86 = Release|x86
	EndGlobalSection
	GlobalSection(ProjectConfigurationPlatforms) = postSolution
		{2A4F1E23-F8CC-4C2D-A531-27187371D23C}.Debug|x64.ActiveCfg = Debug|x64
		{2A4F1E23-F8CC-4C2D-A531-27187371D23C}.Debug|x64.Build.0 = Debug|x64
		{2A4F1E23-F8CC-4C2D-A531-27187371D23C}.Debug|x86.ActiveCfg = Debug|Win32
		{2A4F1E23-F8CC-4C2D-A531-27187371D23C}.Debug|x86.Build.0 = Debug|Win32
		{2A4F1E23-F8CC-4C2D-A531-27187371D23C}.Release|x64.ActiveCfg = Release|x64
		{2A4F1E23-F8CC-4C2D-A531-27187371D23C}.Release|x64.Build.0 = Release|x64
		{2A4F1E23-F8CC-4C2D-A531-27187371D23C}.Release|x86.ActiveCfg = Release|Win32
		{2A4F1E23-F8CC-4C2D-A531-27187371D23C}.Release|x86.Build.0 = Release|Win32
		{87B8EF44-9E3B-47D8-94E4-A9B271B57E5F}.Debug|x64.ActiveCfg = Debug|x64
		{87B8EF44-9E3B-47D8-94E4-A9B271B57E5F}.Debug|x64.Build.0 = Debug|x64
		{87B8EF44-9E3B-47D8-94E4-A9B271B57E5F}.Debug|x86.ActiveCfg = Debug|Win32
		{87B8EF44-9E3B-47D8-94E4-A9B271B57E5F}.Debug|x86.Build.0 = Debug|Win32
		{87B8EF44-9E3B-47D8-94E4-A9B271B57E5F}.Release|x64.ActiveCfg = Release|x64
		{87B8EF44-9E3B-47D8-94E4-A9B271B57E5F}.Release|x64.Build.0 = Release|x64
		{87B8EF44-9E3B-47D8-94E4-A9B271B57E5F}.Release|x86.ActiveCfg = Release|Win32
		{87B8EF44-9E3B-47D8-94E4-A9B271B57E5F}.Release|x86.Build.0 = Release|Win32
		{D11DBFA1-6B4F-4D7F-A25F-46E8B47B53E1}.Debug|x64.ActiveCfg = Debug|x64
		{D11DBFA1-6B4F-4D7F-A25F-46E8B47B53E1}.Debug|x64.Build.0 = Debug|x64
		{D11DBFA1-6B4F-4D7F-A25F-46E8B47B53E1}.Debug|x86.ActiveCfg = Debug|Win32
		{D11DBFA1-6B4F-4D7F-A25F-46E8B47B53E1}.Debug|x86.Build.0 = Debug|Win32
		{D11DBFA1-6B4F-4D7F-A25F-46E8B47B53E1}.Release|x64.ActiveCfg = Release|x64
		{D11DBFA1-6B4F-4D7F-A25F-46E8B47B53E1}.Release|x64.Build.0 = Release|x64
		{D11DBFA1-6B4F-4D7F-A25F-46E8B47B53E1}.Release|x86.ActiveCfg = Release|Win32
		{D11DBFA1-6B4F-4D7F-A25F-46E8B47B53E1}.Release|x86.Build.0 = Release|Win32
	EndGlobalSection
	GlobalSection(SolutionProperties) = preSolution
		HideSolutionNode = FALSE
	EndGlobalSection
	GlobalSection(ExtensibilityGlobals) = postSolution
		SolutionGuid = {E86B5D39-8678-47F2-971A-2D804D5837C3}
	EndGlobalSection
EndGlobal
